blainsmith.com/go/seahash v1.1.3 h1:cfP2r+LhlIqSlYp+UY1yNJKmRttdP+kP4fLhYqAf1co=
blainsmith.com/go/seahash v1.1.3/go.mod h1:pnKU6FdQMfYOGoDBo5FPdlZG7kmOJ/nuNyfu0czty8k=
github.com/OneOfOne/xxhash v1.2.7 h1:fzrmmkskv067ZQbd9wERNGuxckWw67dyzoMG62p7LMo=
github.com/OneOfOne/xxhash v1.2.7/go.mod h1:eZbhyaAYD41SGSSsnmcpxVoRiQ/MPUTjUdIIOT9Um7Q=
github.com/aead/siphash v1.0.1 h1:FwHfE/T45KPKYuuSAKyyvE+oPWcaQ+CUmFW0bPlM+kg=
github.com/aead/siphash v1.0.1/go.mod h1:Nywa3cDsYNNK3gaciGTWPwHt0wlpNV15vwmswBAUSII=
github.com/aead/skein v0.0.0-20160722084837-9365ae6e95d2 h1:q5TSngwXJdajCyZPQR+eKyRRgI3/ZXC/Nq1ZxZ4Zxu8=
github.com/aead/skein v0.0.0-20160722084837-9365ae6e95d2/go.mod h1:4JBZEId5BaLqvA2DGU53phvwkn2WpeLhNSF79/uKBPs=
github.com/asadmshah/murmur3 v0.0.0-20140524051746-6b29847b4c78 h1:ZHvuZEw1OfMZLDDGfulcZvxG9OGFC6FLjy/VR93Fg0k=
github.com/asadmshah/murmur3 v0.0.0-20140524051746-6b29847b4c78/go.mod h1:sSGKytGm28L9qiyor3HovYMLaXG6mrQw3432VKfowzc=
github.com/codahale/blake2 v0.0.0-20150924215134-8d10d0420cbf h1:5ZeQB3mThuz5C2MSER6T5GdtXTF9CMMk42F9BOyRsEQ=
github.com/codahale/blake2 v0.0.0-20150924215134-8d10d0420cbf/go.mod h1:BO2rLUAZMrpgh6GBVKi0Gjdqw2MgCtJrtmUdDeZRKjY=
github.com/creachadair/cityhash v0.1.0 h1:rzSfISre5xT/EgbVvXBmsUJ58Hsrp8ccYMZVvc5uBmk=
github.com/creachadair/cityhash v0.1.0/go.mod h1:bYNmpea/cMZgL9Rjt+ZfDfjaT0hScMO6SSGV1DN5lEM=
github.com/cxmcc/tiger v0.0.0-20170524142333-bde35e2713d7 h1:jBEtq1t2gpn2kEzvRlCUxvvrxl5aSWkXNPwe/hwvSNQ=
github.com/cxmcc/tiger v0.0.0-20170524142333-bde35e2713d7/go.mod h1:ruCYvt9rtYymAr4rNmfYJrl1dz8HSXUFP7cufqKOsDI=
github.com/dchest/siphash v1.2.1 h1:4cLinnzVJDKxTCl9B01807Yiy+W7ZzVHj/KIroQRvT4=
github.com/dchest/siphash v1.2.1/go.mod h1:q+IRvb2gOSrUnYoPqHiyHXS0FOBBOdl6tONBlVnOnt4=
github.com/dgryski/go-marvin32 v0.0.0-20190318040953-7d18f4c6ea7c h1:C6husDqVbb/abPFw2vI5o/Gzb/3h/yoe/j9AzGA4Rfs=
github.com/dgryski/go-marvin32 v0.0.0-20190318040953-7d18f4c6ea7c/go.mod h1:xoMgjTKL3DWPVxmT6/rUEgpiST2ZQdWo9hCLlLcNFbY=
github.com/dgryski/go-metro v0.0.0-20180109044635-280f6062b5bc h1:8WFBn63wegobsYAX0YjD+8suexZDga5CctH4CCTx2+8=
github.com/dgryski/go-metro v0.0.0-20180109044635-280f6062b5bc/go.mod h1:c9O8+fpSOX1DM8cPNSkX/qsBWdkD4yd2dpciOWQjpBw=
github.com/dgryski/go-t1ha v0.0.0-20170624085304-d42c050643ba h1:rkU8gLZJmuE3BCbA73o5Kxikad3iqYQDREvMWc5jJnA=
github.com/dgryski/go-t1ha v0.0.0-20170624085304-d42c050643ba/go.mod h1:RQoTsftNRY5WxBLtcSYsZDg8X9PGmNMyzTvppX6qAj4=
github.com/fogleman/gg v1.3.0 h1:/7zJX8F6AaYQc57WQCyN9cAIz+4bCJGO9B+dyW29am8=
github.com/fogleman/gg v1.3.0/go.mod h1:R/bRT+9gY/C5z7JzPU0zXsXHKM4/ayA+zqcVNZzPa1k=
github.com/golang/freetype v0.0.0-20170609003504-e2365dfdc4a0 h1:DACJavvAHhabrF08vX0COfcOBJRhZ8lUbR+ZWIs0Y5g=
github.com/golang/freetype v0.0.0-20170609003504-e2365dfdc4a0/go.mod h1:E/TSTwGwJL78qG/PmXZO1EjYhfJinVAhrmmHX6Z8B9k=
github.com/htruong/go-md2 v0.0.0-20170914203617-c69905b63f6f h1:GcDipGuLklPyATFZtZcwsN4WFCBhQdRsVoJL1vDLp64=
github.com/htruong/go-md2 v0.0.0-20170914203617-c69905b63f6f/go.mod h1:uMYyN0e+BBSemEoe2Ys7jLGs6DIV9zc6Sj8gTHK1XOI=
github.com/jzelinskie/whirlpool v0.0.0-20170603002051-c19460b8caa6 h1:RyOL4+OIUc6u5ac2LclitlZvFES6k+sg18fBMfxFUUs=
github.com/jzelinskie/whirlpool v0.0.0-20170603002051-c19460b8caa6/go.mod h1:KmHnJWQrgEvbuy0vcvj00gtMqbvNn1L+3YUZLK/B92c=
github.com/leemcloughlin/gofarmhash v0.0.0-20160919192320-0a055c5b87a8 h1:cNufk+iHS/ZChvjjNI1i/ABH5pMIaKufavmiVrgu62Q=
github.com/leemcloughlin/gofarmhash v0.0.0-20160919192320-0a055c5b87a8/go.mod h1:f59bwMArqO7YmZZv21lKDV0fwP4N/vJZtL1/jv8wgaY=
github.com/maoxs2/go-ripemd v0.0.0-20190331141650-7f28dba62991 h1:0sEAB/WQ0UYjFcfpyCbz+R2/pCy5SBwKQeN0K54hxqc=
github.com/maoxs2/go-ripemd v0.0.0-20190331141650-7f28dba62991/go.mod h1:RPN95RsGHNuR+OUN9pD6OKS7yE3Q966yIMSXYZsgnbI=
github.com/martinlindhe/gogost v0.0.0-20170914195721-31862914ae20 h1:NgvNvoe91W36nQwPNvM8KSyvN7Tgfrp1gGhNqp6iuK8=
github.com/martinlindhe/gogost v0.0.0-20170914195721-31862914ae20/go.mod h1:QWtANgYYeIaHYj7lc8bygiTdXt3t3bQHH6ObdVMIC2s=
github.com/mattn/go-sqlite3 v2.0.3+incompatible h1:gXHsfypPkaMZrKbD5209QV9jbUTJKjyR5WD3HYQSd+U=
github.com/mattn/go-sqlite3 v2.0.3+incompatible/go.mod h1:FPy6KqzDD04eiIsT53CuJW3U88zkxoIYsOqkbpncsNc=
github.com/minio/blake2b-simd v0.0.0-20160723061019-3f5f724cb5b1 h1:lYpkrQH5ajf0OXOcUbGjvZxxijuBwbbmlSxLiuofa+g=
github.com/minio/blake2b-simd v0.0.0-20160723061019-3f5f724cb5b1/go.mod h1:pD8RvIylQ358TN4wwqatJ8rNavkEINozVn9DtGI3dfQ=
github.com/minio/highwayhash v1.0.0 h1:iMSDhgUILCr0TNm8LWlSjF8N0ZIj2qbO8WHp6Q/J2BA=
github.com/minio/highwayhash v1.0.0/go.mod h1:xQboMTeM9nY9v/LlAOxFctujiv5+Aq2hR5dxBpaMbdc=
github.com/mmcloughlin/avo v0.0.0-20190916180148-c8004ba627ca/go.mod h1:L0u9qfRMLNBO97u6pPukRp6ncoQz0Q25W69fvtht3vA=
github.com/mmcloughlin/meow v0.0.0-20200201185800-3501c7c05d21 h1:2BIiU0QuELctVxpl6FKAsf68ZZvI89I9c8Kt8Guxba8=
github.com/mmcloughlin/meow v0.0.0-20200201185800-3501c7c05d21/go.mod h1:uxCZJI8Z1PD2WRnSJtVJGHCyxC5qWhz5lOsx3Bx1NXo=
github.com/orisano/wyhash/v2 v2.0.1 h1:F0zXqmpT8ZO1DzxZE4QM5Dnyn5+N2Kvlh04HvWpA+BA=
github.com/orisano/wyhash/v2 v2.0.1/go.mod h1:aKF62CWQTXboGWjZQ8Pncl3rg6kXMbi7ZWNsiXHomyk=
github.com/phoreproject/go-x11 v0.0.0-20190107235645-df0f52b15c3a h1:hTWt5IfyljBJQEb+ftE7NEBvan+rFKJGLTAF7Po15RE=
github.com/phoreproject/go-x11 v0.0.0-20190107235645-df0f52b15c3a/go.mod h1:EOg0DZ3I0sFHb1zj8Ygqws+rQizk153X4oJwluRl14A=
github.com/singularian/mdhash v1.1.1 h1:aA9Y4MQzDV48rJtFKbSq8OqaYGG0CqFsGCCgu/vqYns=
github.com/singularian/mdhash v1.1.1/go.mod h1:egDj1LSLLAq/xknQFjwqdpzSD4ekdLKbamxOnrFc9KE=
github.com/steakknife/keccak v0.0.0-20150202122130-d0dce0d5b080 h1:VgH5VI21ib8sLvBJ1LMe17zjo+zOC15UchIB6Vv64Xo=
github.com/steakknife/keccak v0.0.0-20150202122130-d0dce0d5b080/go.mod h1:XVAcwiwvJSHP20VqW3saH3KNQaWBprw8oKDZVHFWPL4=
github.com/tildeleb/aeshash v0.0.0-20190627052759-9e6b40329b3b h1:OqFG3tPrzHKNAy7GP/hku2bv4UWb9qVIbjOb4SLmjGI=
github.com/tildeleb/aeshash v0.0.0-20190627052759-9e6b40329b3b/go.mod h1:l7Z/PMOs9KRktIz2rDUvdXFFNWsi+D26UyHelxKlWD8=
github.com/tildeleb/hashland v0.0.0-20171003003232-07375b562dea h1:aE7nkhfs87RPvc+8ISeGEaQSQ8Fze4ZYFMDSuk39bOk=
github.com/tildeleb/hashland v0.0.0-20171003003232-07375b562dea/go.mod h1:/mp2QpFTFwg918l4vdwufYoHrK8LQrpRjsy3wGdk/6c=
github.com/yuin/goldmark v1.4.13/go.mod h1:6yULJ656Px+3vBD8DxQVa3kxgyrAnzto9xy5taEt/CY=
golang.org/x/arch v0.0.0-20190909030613-46d78d1859ac/go.mod h1:flIaEI6LNU6xOCD5PaJvn9wGP0agmIOqjrtsKGRguv4=
golang.org/x/crypto v0.0.0-20190308221718-c2843e01d9a2/go.mod h1:djNgcEr1/C05ACkg1iLfiJU5Ep61QUkGW8qpdssI0+w=
golang.org/x/crypto v0.0.0-20210921155107-089bfa567519/go.mod h1:GvvjBRRGRdwPK5ydBHafDWAxML/pGHZbMvKqRZ5+Abc=
golang.org/x/crypto v0.17.0 h1:r8bRNjWL3GshPW3gkd+RpvzWrZAwPS49OmTGZ/uhM4k=
golang.org/x/crypto v0.17.0/go.mod h1:gCAAfMLgwOJRpTjQ2zCCt2OcSfYMTeZVSRtQlPC7Nq4=
golang.org/x/image v0.9.0 h1:QrzfX26snvCM20hIhBwuHI/ThTg18b/+kcKdXHvnR+g=
golang.org/x/image v0.9.0/go.mod h1:jtrku+n79PfroUbvDdeUWMAI+heR786BofxrbiSF+J0=
golang.org/x/mod v0.6.0-dev.0.20220419223038-86c51ed26bb4/go.mod h1:jJ57K6gSWd91VN4djpZkiMVwK6gcyfeH4XE8wZrZaV4=
golang.org/x/mod v0.8.0/go.mod h1:iBbtSCu2XBx23ZKBPSOrRkjjQPZFPuis4dIYUhu/chs=
golang.org/x/net v0.0.0-20190620200207-3b0461eec859/go.mod h1:z5CRVTTTmAJ677TzLLGU+0bjPO0LkuOLi4/5GtJWs/s=
golang.org/x/net v0.0.0-20210226172049-e18ecbb05110/go.mod h1:m0MpNAwzfU5UDzcl9v0D8zg8gWTRqZa9RBIspLL5mdg=
golang.org/x/net v0.0.0-20220722155237-a158d28d115b/go.mod h1:XRhObCWvk6IyKnWLug+ECip1KBveYUHfp+8e9klMJ9c=
golang.org/x/net v0.6.0/go.mod h1:2Tu9+aMcznHK/AK1HMvgo6xiTLG5rD5rZLDS+rp2Bjs=
golang.org/x/net v0.10.0/go.mod h1:0qNGK6F8kojg2nk9dLZ2mShWaEBan6FAoqfSigmmuDg=
golang.org/x/sync v0.0.0-20190423024810-112230192c58/go.mod h1:RxMgew5VJxzue5/jJTE5uejpjVlOe/izrB70Jof72aM=
golang.org/x/sync v0.0.0-20220722155255-886fb9371eb4/go.mod h1:RxMgew5VJxzue5/jJTE5uejpjVlOe/izrB70Jof72aM=
golang.org/x/sync v0.1.0/go.mod h1:RxMgew5VJxzue5/jJTE5uejpjVlOe/izrB70Jof72aM=
golang.org/x/sys v0.0.0-20190130150945-aca44879d564/go.mod h1:STP8DvDyc/dI5b8T5hshtkjS+E42TnysNCUPdjciGhY=
golang.org/x/sys v0.0.0-20190215142949-d0b11bdaac8a/go.mod h1:STP8DvDyc/dI5b8T5hshtkjS+E42TnysNCUPdjciGhY=
golang.org/x/sys v0.0.0-20201119102817-f84b799fce68/go.mod h1:h1NjWce9XRLGQEsW7wpKNCjG9DtNlClVuFLEZdDNbEs=
golang.org/x/sys v0.0.0-20210615035016-665e8c7367d1/go.mod h1:oPkhp1MJrh7nUepCBck5+mAzfO9JrbApNNgaTdGDITg=
golang.org/x/sys v0.0.0-20220520151302-bc2c85ada10a/go.mod h1:oPkhp1MJrh7nUepCBck5+mAzfO9JrbApNNgaTdGDITg=
golang.org/x/sys v0.0.0-20220722155257-8c9f86f7a55f/go.mod h1:oPkhp1MJrh7nUepCBck5+mAzfO9JrbApNNgaTdGDITg=
golang.org/x/sys v0.5.0/go.mod h1:oPkhp1MJrh7nUepCBck5+mAzfO9JrbApNNgaTdGDITg=
golang.org/x/sys v0.8.0/go.mod h1:oPkhp1MJrh7nUepCBck5+mAzfO9JrbApNNgaTdGDITg=
golang.org/x/sys v0.15.0 h1:h48lPFYpsTvQJZF4EKyI4aLHaev3CxivZmv7yZig9pc=
golang.org/x/sys v0.15.0/go.mod h1:/VUhepiaJMQUp4+oa/7Zr1D23ma6VTLIYjOOTFZPUcA=
golang.org/x/term v0.0.0-20201126162022-7de9c90e9dd1/go.mod h1:bj7SfCRtBDWHUb9snDiAeCFNEtKQo2Wmx5Cou7ajbmo=
golang.org/x/term v0.0.0-20210927222741-03fcf44c2211/go.mod h1:jbD1KX2456YbFQfuXm/mYQcufACuNUgVhRMnK/tPxf8=
golang.org/x/term v0.5.0/go.mod h1:jMB1sMXY+tzblOD4FWmEbocvup2/aLOaQEp7JmGp78k=
golang.org/x/term v0.8.0/go.mod h1:xPskH00ivmX89bAKVGSKKtLOWNx2+17Eiy94tnKShWo=
golang.org/x/term v0.15.0/go.mod h1:BDl952bC7+uMoWR75FIrCDx79TPU9oHkTZ9yRbYOrX0=
golang.org/x/text v0.3.0/go.mod h1:NqM8EUOU14njkJ3fqMW+pc6Ldnwhi/IjpwHt7yyuwOQ=
golang.org/x/text v0.3.3/go.mod h1:5Zoc/QRtKVWzQhOtBMvqHzDpF6irO9z98xDceosuGiQ=
golang.org/x/text v0.3.7/go.mod h1:u+2+/6zg+i71rQMx5EYifcz6MCKuco9NR6JIITiCfzQ=
golang.org/x/text v0.7.0/go.mod h1:mrYo+phRRbMaCq/xk9113O4dZlRixOauAjOtrjsXDZ8=
golang.org/x/text v0.9.0/go.mod h1:e1OnstbJyHTd6l/uOt8jFFHp6TRDWZR/bV3emEE/zU8=
golang.org/x/text v0.11.0/go.mod h1:TvPlkZtksWOMsz7fbANvkp4WM8x/WCo/om8BMLbz+aE=
golang.org/x/text v0.14.0/go.mod h1:18ZOQIKpY8NJVqYksKHtTdi31H5itFRjB5/qKTNYzSU=
golang.org/x/tools v0.0.0-20180917221912-90fa682c2a6e/go.mod h1:n7NCudcB/nEzxVGmLbDWY5pfWTLqBcC2KZ6jyYvM4mQ=
golang.org/x/tools v0.0.0-20190914235951-31e00f45c22e/go.mod h1:b+2E5dAYhXwXZwtnZ6UAqBI28+e2cm9otk0dWdXHAEo=
golang.org/x/tools v0.0.0-20191119224855-298f0cb1881e/go.mod h1:b+2E5dAYhXwXZwtnZ6UAqBI28+e2cm9otk0dWdXHAEo=
golang.org/x/tools v0.1.12/go.mod h1:hNGJHUnrk76NpqgfD5Aqm5Crs+Hm0VOH/i9J2+nxYbc=
golang.org/x/tools v0.6.0/go.mod h1:Xwgl3UAJ/d3gWutnCtw505GrjyAbvKui8lOU390QaIU=
golang.org/x/xerrors v0.0.0-20190717185122-a985d3407aa7/go.mod h1:I/5z698sn9Ka8TeJc9MKroUUfqBBauWjQqLJ2OPfmY0=
leb.io/hashland v0.0.0-20171003003232-07375b562dea h1:s9IkzZTqYqw77voO6taUZHc0C1B096h4T/kQtujGApE=
leb.io/hashland v0.0.0-20171003003232-07375b562dea/go.mod h1:OSwp5BNKniWS6joctn4Grabrxd2EERBB7pNzK9Ni3BQ=
rsc.io/pdf v0.1.1/go.mod h1:n8OzWcQ6Sp37PL01nO98y4iUCRdTGarVfzxY20ICaU4=
