blainsmith.com/go/seahash v1.1.3 h1:cfP2r+LhlIqSlYp+UY1yNJKmRttdP+kP4fLhYqAf1co=
blainsmith.com/go/seahash v1.1.3/go.mod h1:pnKU6FdQMfYOGoDBo5FPdlZG7kmOJ/nuNyfu0czty8k=
github.com/OneOfOne/xxhash v1.2.7 h1:fzrmmkskv067ZQbd9wERNGuxckWw67dyzoMG62p7LMo=
github.com/OneOfOne/xxhash v1.2.7/go.mod h1:eZbhyaAYD41SGSSsnmcpxVoRiQ/MPUTjUdIIOT9Um7Q=
github.com/Sirupsen/logrus v0.10.0/go.mod h1:rmk17hk6i8ZSAJkSDa7nOxamrG+SP4P0mm+DAvExv4U=
github.com/aead/siphash v1.0.1 h1:FwHfE/T45KPKYuuSAKyyvE+oPWcaQ+CUmFW0bPlM+kg=
github.com/aead/siphash v1.0.1/go.mod h1:Nywa3cDsYNNK3gaciGTWPwHt0wlpNV15vwmswBAUSII=
github.com/aead/skein v0.0.0-20160722084837-9365ae6e95d2 h1:q5TSngwXJdajCyZPQR+eKyRRgI3/ZXC/Nq1ZxZ4Zxu8=
github.com/aead/skein v0.0.0-20160722084837-9365ae6e95d2/go.mod h1:4JBZEId5BaLqvA2DGU53phvwkn2WpeLhNSF79/uKBPs=
github.com/ajstarks/svgo v0.0.0-20200320125537-f189e35d30ca h1:kWzLcty5V2rzOqJM7Tp/MfSX0RMSI1x4IOLApEefYxA=
github.com/ajstarks/svgo v0.0.0-20200320125537-f189e35d30ca/go.mod h1:K08gAheRH3/J6wwsYMMT4xOr94bZjxIelGM0+d/wbFw=
github.com/asadmshah/murmur3 v0.0.0-20140524051746-6b29847b4c78 h1:ZHvuZEw1OfMZLDDGfulcZvxG9OGFC6FLjy/VR93Fg0k=
github.com/asadmshah/murmur3 v0.0.0-20140524051746-6b29847b4c78/go.mod h1:sSGKytGm28L9qiyor3HovYMLaXG6mrQw3432VKfowzc=
github.com/codahale/blake2 v0.0.0-20150924215134-8d10d0420cbf h1:5ZeQB3mThuz5C2MSER6T5GdtXTF9CMMk42F9BOyRsEQ=
github.com/codahale/blake2 v0.0.0-20150924215134-8d10d0420cbf/go.mod h1:BO2rLUAZMrpgh6GBVKi0Gjdqw2MgCtJrtmUdDeZRKjY=
github.com/creachadair/cityhash v0.1.0 h1:rzSfISre5xT/EgbVvXBmsUJ58Hsrp8ccYMZVvc5uBmk=
github.com/creachadair/cityhash v0.1.0/go.mod h1:bYNmpea/cMZgL9Rjt+ZfDfjaT0hScMO6SSGV1DN5lEM=
github.com/cxmcc/tiger v0.0.0-20170524142333-bde35e2713d7 h1:jBEtq1t2gpn2kEzvRlCUxvvrxl5aSWkXNPwe/hwvSNQ=
github.com/cxmcc/tiger v0.0.0-20170524142333-bde35e2713d7/go.mod h1:ruCYvt9rtYymAr4rNmfYJrl1dz8HSXUFP7cufqKOsDI=
github.com/dchest/siphash v1.2.1 h1:4cLinnzVJDKxTCl9B01807Yiy+W7ZzVHj/KIroQRvT4=
github.com/dchest/siphash v1.2.1/go.mod h1:q+IRvb2gOSrUnYoPqHiyHXS0FOBBOdl6tONBlVnOnt4=
github.com/fogleman/gg v1.3.0 h1:/7zJX8F6AaYQc57WQCyN9cAIz+4bCJGO9B+dyW29am8=
github.com/fogleman/gg v1.3.0/go.mod h1:R/bRT+9gY/C5z7JzPU0zXsXHKM4/ayA+zqcVNZzPa1k=
github.com/gammazero/deque v0.0.0-20200227231300-1e9af0e52b46 h1:iX4+rD9Fjdx8SkmSO/O5WAIX/j79ll3kuqv5VdYt9J8=
github.com/gammazero/deque v0.0.0-20200227231300-1e9af0e52b46/go.mod h1:D90+MBHVc9Sk1lJAbEVgws0eYEurY4mv2TDso3Nxh3w=
github.com/gammazero/workerpool v0.0.0-20200311205957-7b00833861c6 h1:1Cy/haf7XO4OyrkGid0Wq5CMluIErbvDptVAt8UTy38=
github.com/gammazero/workerpool v0.0.0-20200311205957-7b00833861c6/go.mod h1:/XWO2YAUUpPi3smDlFBl0vpX0JHwUomDM/oRMwRmnSs=
github.com/golang/freetype v0.0.0-20170609003504-e2365dfdc4a0 h1:DACJavvAHhabrF08vX0COfcOBJRhZ8lUbR+ZWIs0Y5g=
github.com/golang/freetype v0.0.0-20170609003504-e2365dfdc4a0/go.mod h1:E/TSTwGwJL78qG/PmXZO1EjYhfJinVAhrmmHX6Z8B9k=
github.com/htruong/go-md2 v0.0.0-20170914203617-c69905b63f6f h1:GcDipGuLklPyATFZtZcwsN4WFCBhQdRsVoJL1vDLp64=
github.com/htruong/go-md2 v0.0.0-20170914203617-c69905b63f6f/go.mod h1:uMYyN0e+BBSemEoe2Ys7jLGs6DIV9zc6Sj8gTHK1XOI=
github.com/jzelinskie/whirlpool v0.0.0-20170603002051-c19460b8caa6 h1:RyOL4+OIUc6u5ac2LclitlZvFES6k+sg18fBMfxFUUs=
github.com/jzelinskie/whirlpool v0.0.0-20170603002051-c19460b8caa6/go.mod h1:KmHnJWQrgEvbuy0vcvj00gtMqbvNn1L+3YUZLK/B92c=
github.com/leemcloughlin/gofarmhash v0.0.0-20160919192320-0a055c5b87a8 h1:cNufk+iHS/ZChvjjNI1i/ABH5pMIaKufavmiVrgu62Q=
github.com/leemcloughlin/gofarmhash v0.0.0-20160919192320-0a055c5b87a8/go.mod h1:f59bwMArqO7YmZZv21lKDV0fwP4N/vJZtL1/jv8wgaY=
github.com/maoxs2/go-ripemd v0.0.0-20190331141650-7f28dba62991 h1:0sEAB/WQ0UYjFcfpyCbz+R2/pCy5SBwKQeN0K54hxqc=
github.com/maoxs2/go-ripemd v0.0.0-20190331141650-7f28dba62991/go.mod h1:RPN95RsGHNuR+OUN9pD6OKS7yE3Q966yIMSXYZsgnbI=
github.com/martinlindhe/gogost v0.0.0-20170914195721-31862914ae20 h1:NgvNvoe91W36nQwPNvM8KSyvN7Tgfrp1gGhNqp6iuK8=
github.com/martinlindhe/gogost v0.0.0-20170914195721-31862914ae20/go.mod h1:QWtANgYYeIaHYj7lc8bygiTdXt3t3bQHH6ObdVMIC2s=
github.com/mattn/go-sqlite3 v2.0.3+incompatible/go.mod h1:FPy6KqzDD04eiIsT53CuJW3U88zkxoIYsOqkbpncsNc=
github.com/minio/blake2b-simd v0.0.0-20160723061019-3f5f724cb5b1 h1:lYpkrQH5ajf0OXOcUbGjvZxxijuBwbbmlSxLiuofa+g=
github.com/minio/blake2b-simd v0.0.0-20160723061019-3f5f724cb5b1/go.mod h1:pD8RvIylQ358TN4wwqatJ8rNavkEINozVn9DtGI3dfQ=
github.com/minio/highwayhash v1.0.0 h1:iMSDhgUILCr0TNm8LWlSjF8N0ZIj2qbO8WHp6Q/J2BA=
github.com/minio/highwayhash v1.0.0/go.mod h1:xQboMTeM9nY9v/LlAOxFctujiv5+Aq2hR5dxBpaMbdc=
github.com/mmcloughlin/avo v0.0.0-20190916180148-c8004ba627ca/go.mod h1:L0u9qfRMLNBO97u6pPukRp6ncoQz0Q25W69fvtht3vA=
github.com/orisano/wyhash v1.1.0 h1:5G0zu/KRhag1ORe+uld7GEc99VlGmhZqaelcqpkU5ZA=
github.com/orisano/wyhash/v2 v2.0.1 h1:F0zXqmpT8ZO1DzxZE4QM5Dnyn5+N2Kvlh04HvWpA+BA=
github.com/orisano/wyhash/v2 v2.0.1/go.mod h1:aKF62CWQTXboGWjZQ8Pncl3rg6kXMbi7ZWNsiXHomyk=
github.com/phoreproject/go-x11 v0.0.0-20190107235645-df0f52b15c3a h1:hTWt5IfyljBJQEb+ftE7NEBvan+rFKJGLTAF7Po15RE=
github.com/phoreproject/go-x11 v0.0.0-20190107235645-df0f52b15c3a/go.mod h1:EOg0DZ3I0sFHb1zj8Ygqws+rQizk153X4oJwluRl14A=
github.com/singularian/mdhash v1.0.3 h1:wM8cek8MgbWUBZJNsXYlouOA2mX3MtpBEpa25ySCRxk=
github.com/singularian/mdhash v1.0.3/go.mod h1:egDj1LSLLAq/xknQFjwqdpzSD4ekdLKbamxOnrFc9KE=
github.com/singularian/mdhash v1.0.4 h1:2Xh6BXhF/QtmHK0kS0mm1JP/5e/eu1fp8gGS3X7cCwU=
github.com/singularian/mdhash v1.0.4/go.mod h1:egDj1LSLLAq/xknQFjwqdpzSD4ekdLKbamxOnrFc9KE=
github.com/singularian/mdhash v1.0.5 h1:pqWRQaf2t1cIUX4l/D1IMD09PhEtB1ug1WA4gp0XQSo=
github.com/singularian/mdhash v1.0.5/go.mod h1:egDj1LSLLAq/xknQFjwqdpzSD4ekdLKbamxOnrFc9KE=
github.com/singularian/mdhash v1.0.6 h1:bzzAqbGY83d94a2YrcvtXTBFzTtPyQtGishaHjozZjQ=
github.com/singularian/mdhash v1.0.6/go.mod h1:egDj1LSLLAq/xknQFjwqdpzSD4ekdLKbamxOnrFc9KE=
github.com/singularian/mdhash v1.0.7 h1:JjvbwBcb5jE5uICkVPnG0IqkMEcw1OUl9gZVn53/jK0=
github.com/singularian/mdhash v1.0.7/go.mod h1:egDj1LSLLAq/xknQFjwqdpzSD4ekdLKbamxOnrFc9KE=
github.com/singularian/mdhash v1.0.8 h1:90B7lKwoK2FXzgzM2esUizFBgk8Wnh9zSDwnVxaq1no=
github.com/singularian/mdhash v1.0.8/go.mod h1:egDj1LSLLAq/xknQFjwqdpzSD4ekdLKbamxOnrFc9KE=
github.com/singularian/mdhash v1.0.9 h1:Ugiu+poXFMbIF1aZLnIfuWVKf69PGLoEplfBN2i358Y=
github.com/singularian/mdhash v1.0.9/go.mod h1:egDj1LSLLAq/xknQFjwqdpzSD4ekdLKbamxOnrFc9KE=
github.com/steakknife/keccak v0.0.0-20150202122130-d0dce0d5b080 h1:VgH5VI21ib8sLvBJ1LMe17zjo+zOC15UchIB6Vv64Xo=
github.com/steakknife/keccak v0.0.0-20150202122130-d0dce0d5b080/go.mod h1:XVAcwiwvJSHP20VqW3saH3KNQaWBprw8oKDZVHFWPL4=
github.com/tildeleb/aeshash v0.0.0-20190627052759-9e6b40329b3b h1:OqFG3tPrzHKNAy7GP/hku2bv4UWb9qVIbjOb4SLmjGI=
github.com/tildeleb/aeshash v0.0.0-20190627052759-9e6b40329b3b/go.mod h1:l7Z/PMOs9KRktIz2rDUvdXFFNWsi+D26UyHelxKlWD8=
github.com/tildeleb/hashland v0.0.0-20171003003232-07375b562dea h1:aE7nkhfs87RPvc+8ISeGEaQSQ8Fze4ZYFMDSuk39bOk=
github.com/tildeleb/hashland v0.0.0-20171003003232-07375b562dea/go.mod h1:/mp2QpFTFwg918l4vdwufYoHrK8LQrpRjsy3wGdk/6c=
golang.org/x/arch v0.0.0-20190909030613-46d78d1859ac/go.mod h1:flIaEI6LNU6xOCD5PaJvn9wGP0agmIOqjrtsKGRguv4=
golang.org/x/crypto v0.0.0-20190308221718-c2843e01d9a2/go.mod h1:djNgcEr1/C05ACkg1iLfiJU5Ep61QUkGW8qpdssI0+w=
golang.org/x/crypto v0.0.0-20200128174031-69ecbb4d6d5d h1:9FCpayM9Egr1baVnV1SX0H87m+XB0B8S0hAMi99X/3U=
golang.org/x/crypto v0.0.0-20200128174031-69ecbb4d6d5d/go.mod h1:LzIPMQfyMNhhGPhUkYOs5KpL4U8rLKemX1yGLhDgUto=
golang.org/x/image v0.0.0-20200119044424-58c23975cae1 h1:5h3ngYt7+vXCDZCup/HkCQgW5XwmSvR/nA2JmJ0RErg=
golang.org/x/image v0.0.0-20200119044424-58c23975cae1/go.mod h1:FeLwcggjj3mMvU+oOTbSwawSJRM1uh48EjtB4UJZlP0=
golang.org/x/net v0.0.0-20190404232315-eb5bcb51f2a3/go.mod h1:t9HGtf8HONx5eT2rtn7q6eTqICYqUVnKs3thJo3Qplg=
golang.org/x/net v0.0.0-20190620200207-3b0461eec859/go.mod h1:z5CRVTTTmAJ677TzLLGU+0bjPO0LkuOLi4/5GtJWs/s=
golang.org/x/sync v0.0.0-20190423024810-112230192c58/go.mod h1:RxMgew5VJxzue5/jJTE5uejpjVlOe/izrB70Jof72aM=
golang.org/x/sys v0.0.0-20190130150945-aca44879d564/go.mod h1:STP8DvDyc/dI5b8T5hshtkjS+E42TnysNCUPdjciGhY=
golang.org/x/sys v0.0.0-20190215142949-d0b11bdaac8a/go.mod h1:STP8DvDyc/dI5b8T5hshtkjS+E42TnysNCUPdjciGhY=
golang.org/x/sys v0.0.0-20190412213103-97732733099d h1:+R4KGOnez64A81RvjARKc4UT5/tI9ujCIVX+P5KiHuI=
golang.org/x/sys v0.0.0-20190412213103-97732733099d/go.mod h1:h1NjWce9XRLGQEsW7wpKNCjG9DtNlClVuFLEZdDNbEs=
golang.org/x/text v0.3.0/go.mod h1:NqM8EUOU14njkJ3fqMW+pc6Ldnwhi/IjpwHt7yyuwOQ=
golang.org/x/tools v0.0.0-20190914235951-31e00f45c22e/go.mod h1:b+2E5dAYhXwXZwtnZ6UAqBI28+e2cm9otk0dWdXHAEo=
golang.org/x/xerrors v0.0.0-20190717185122-a985d3407aa7/go.mod h1:I/5z698sn9Ka8TeJc9MKroUUfqBBauWjQqLJ2OPfmY0=
leb.io/hashland v0.0.0-20171003003232-07375b562dea h1:s9IkzZTqYqw77voO6taUZHc0C1B096h4T/kQtujGApE=
leb.io/hashland v0.0.0-20171003003232-07375b562dea/go.mod h1:OSwp5BNKniWS6joctn4Grabrxd2EERBB7pNzK9Ni3BQ=
rsc.io/pdf v0.1.1/go.mod h1:n8OzWcQ6Sp37PL01nO98y4iUCRdTGarVfzxY20ICaU4=
